{
  "nodes": {
    "nixpkgs": {
      "locked": {
        "lastModified": 1608910604,
        "narHash": "sha256-kjTAJGPmfckaZGnn9ouPY/v07GKc9vOFlBesyWiCENU=",
        "owner": "serokell",
        "repo": "nixpkgs",
        "rev": "5f5469b38da431a56889b5a06597be6c4808b345",
        "type": "github"
      },
      "original": {
        "owner": "serokell",
        "repo": "nixpkgs",
        "type": "github"
      }
    },
    "root": {
      "inputs": {
        "nixpkgs": "nixpkgs"
      }
    }
  },
  "root": "root",
  "version": 7
}
